
Microsoft Visual Studio Solution File, Format Version 12.00
# Visual Studio Version 17
VisualStudioVersion = 17.13.35931.197
MinimumVisualStudioVersion = 10.0.40219.1
Project("{FAE04EC0-301F-11D3-BF4B-00C04F79EFBC}") = "ChatApp", "ChatApp.Backend\ChatApp.csproj", "{9C2DB879-A579-2E27-181F-5B54D01E52C2}"
EndProject
Project("{FAE04EC0-301F-11D3-BF4B-00C04F79EFBC}") = "ChatApp.Client", "ChatApp.Frontend\ChatApp.Client.csproj", "{57B04313-F033-2084-6719-BF12924B9270}"
EndProject
Global
	GlobalSection(SolutionConfigurationPlatforms) = preSolution
		Debug|Any CPU = Debug|Any CPU
		Release|Any CPU = Release|Any CPU
	EndGlobalSection
	GlobalSection(ProjectConfigurationPlatforms) = postSolution
		{9C2DB879-A579-2E27-181F-5B54D01E52C2}.Debug|Any CPU.ActiveCfg = Debug|Any CPU
		{9C2DB879-A579-2E27-181F-5B54D01E52C2}.Debug|Any CPU.Build.0 = Debug|Any CPU
		{9C2DB879-A579-2E27-181F-5B54D01E52C2}.Release|Any CPU.ActiveCfg = Release|Any CPU
		{9C2DB879-A579-2E27-181F-5B54D01E52C2}.Release|Any CPU.Build.0 = Release|Any CPU
		{57B04313-F033-2084-6719-BF12924B9270}.Debug|Any CPU.ActiveCfg = Debug|Any CPU
		{57B04313-F033-2084-6719-BF12924B9270}.Debug|Any CPU.Build.0 = Debug|Any CPU
		{57B04313-F033-2084-6719-BF12924B9270}.Release|Any CPU.ActiveCfg = Release|Any CPU
		{57B04313-F033-2084-6719-BF12924B9270}.Release|Any CPU.Build.0 = Release|Any CPU
	EndGlobalSection
	GlobalSection(SolutionProperties) = preSolution
		HideSolutionNode = FALSE
	EndGlobalSection
	GlobalSection(ExtensibilityGlobals) = postSolution
		SolutionGuid = {EA990E00-E19D-4BFA-9958-18DAC10938A1}
	EndGlobalSection
EndGlobal
